
Microsoft Visual Studio Solution File, Format Version 12.00
# Visual Studio Version 16
VisualStudioVersion = 16.0.29215.179
MinimumVisualStudioVersion = 10.0.40219.1
Project("{9A19103F-16F7-4668-BE54-9A1E7A4F7556}") = "Facebook", "Facebook.csproj", "{1616FE9E-B26F-4F9D-A29F-0E7146FCF9BF}"
EndProject
Global
	GlobalSection(SolutionConfigurationPlatforms) = preSolution
		Debug|Any CPU = Debug|Any CPU
		Release|Any CPU = Release|Any CPU
	EndGlobalSection
	GlobalSection(ProjectConfigurationPlatforms) = postSolution
		{1616FE9E-B26F-4F9D-A29F-0E7146FCF9BF}.Debug|Any CPU.ActiveCfg = Debug|Any CPU
		{1616FE9E-B26F-4F9D-A29F-0E7146FCF9BF}.Debug|Any CPU.Build.0 = Debug|Any CPU
		{1616FE9E-B26F-4F9D-A29F-0E7146FCF9BF}.Release|Any CPU.ActiveCfg = Release|Any CPU
		{1616FE9E-B26F-4F9D-A29F-0E7146FCF9BF}.Release|Any CPU.Build.0 = Release|Any CPU
	EndGlobalSection
	GlobalSection(SolutionProperties) = preSolution
		HideSolutionNode = FALSE
	EndGlobalSection
	GlobalSection(ExtensibilityGlobals) = postSolution
		SolutionGuid = {21A3AE8F-75A1-4536-AB0B-FD6B0A912949}
	EndGlobalSection
EndGlobal
